// !$*UTF8*$!
{
	archiveVersion = 1;
	classes = {
	};
	objectVersion = 77;
	objects = {

/* Begin PBXBuildFile section */
		1867BD982E6B8820001DF909 /* AppChatView in Frameworks */ = {isa = PBXBuildFile; productRef = 1867BD972E6B8820001DF909 /* AppChatView */; };
		1867BD9A2E6B8820001DF909 /* AppLoginFlow in Frameworks */ = {isa = PBXBuildFile; productRef = 1867BD992E6B8820001DF909 /* AppLoginFlow */; };
		1867BD9C2E6B8820001DF909 /* AppMainScreen in Frameworks */ = {isa = PBXBuildFile; productRef = 1867BD9B2E6B8820001DF909 /* AppMainScreen */; };
		1867BD9E2E6B8820001DF909 /* AppMeditationAttention in Frameworks */ = {isa = PBXBuildFile; productRef = 1867BD9D2E6B8820001DF909 /* AppMeditationAttention */; };
		1867BDA02E6B8820001DF909 /* AppNotePad in Frameworks */ = {isa = PBXBuildFile; productRef = 1867BD9F2E6B8820001DF909 /* AppNotePad */; };
		1867BDA22E6B8820001DF909 /* AppOnboarding in Frameworks */ = {isa = PBXBuildFile; productRef = 1867BDA12E6B8820001DF909 /* AppOnboarding */; };
		1867BDA42E6B8820001DF909 /* AppProgressModel in Frameworks */ = {isa = PBXBuildFile; productRef = 1867BDA32E6B8820001DF909 /* AppProgressModel */; };
		1867BDA62E6B8820001DF909 /* AppPsychologistChat in Frameworks */ = {isa = PBXBuildFile; productRef = 1867BDA52E6B8820001DF909 /* AppPsychologistChat */; };
		18E41DD92E45F6B700F0404C /* AppProgressModel in Frameworks */ = {isa = PBXBuildFile; productRef = 18E41DD82E45F6B700F0404C /* AppProgressModel */; };
		18E41DDB2E46836D00F0404C /* AppNotePad in Frameworks */ = {isa = PBXBuildFile; productRef = 18E41DDA2E46836D00F0404C /* AppNotePad */; };
		18E41DEA2E468F0300F0404C /* AppMeditationAttention in Frameworks */ = {isa = PBXBuildFile; productRef = 18E41DE92E468F0300F0404C /* AppMeditationAttention */; };
		18F797912DF08BD800229907 /* AppChatView in Frameworks */ = {isa = PBXBuildFile; productRef = 18F797902DF08BD800229907 /* AppChatView */; };
		18F797932DF08BD800229907 /* AppLoginFlow in Frameworks */ = {isa = PBXBuildFile; productRef = 18F797922DF08BD800229907 /* AppLoginFlow */; };
		18F797952DF08BD800229907 /* AppMainScreen in Frameworks */ = {isa = PBXBuildFile; productRef = 18F797942DF08BD800229907 /* AppMainScreen */; };
		18F7979C2DF09A2F00229907 /* AppOnboarding in Frameworks */ = {isa = PBXBuildFile; productRef = 18F7979B2DF09A2F00229907 /* AppOnboarding */; };
/* End PBXBuildFile section */

/* Begin PBXContainerItemProxy section */
		1872B9DC2D935193004DE16F /* PBXContainerItemProxy */ = {
			isa = PBXContainerItemProxy;
			containerPortal = 1872B9C32D935190004DE16F /* Project object */;
			proxyType = 1;
			remoteGlobalIDString = 1872B9CA2D935190004DE16F;
			remoteInfo = "Reduce Anxiety";
		};
		1872B9E62D935193004DE16F /* PBXContainerItemProxy */ = {
			isa = PBXContainerItemProxy;
			containerPortal = 1872B9C32D935190004DE16F /* Project object */;
			proxyType = 1;
			remoteGlobalIDString = 1872B9CA2D935190004DE16F;
			remoteInfo = "Reduce Anxiety";
		};
/* End PBXContainerItemProxy section */

/* Begin PBXFileReference section */
		1872B9CB2D935190004DE16F /* Reduce Anxiety.app */ = {isa = PBXFileReference; explicitFileType = wrapper.application; includeInIndex = 0; path = "Reduce Anxiety.app"; sourceTree = BUILT_PRODUCTS_DIR; };
		1872B9DB2D935193004DE16F /* Reduce AnxietyTests.xctest */ = {isa = PBXFileReference; explicitFileType = wrapper.cfbundle; includeInIndex = 0; path = "Reduce AnxietyTests.xctest"; sourceTree = BUILT_PRODUCTS_DIR; };
		1872B9E52D935193004DE16F /* Reduce AnxietyUITests.xctest */ = {isa = PBXFileReference; explicitFileType = wrapper.cfbundle; includeInIndex = 0; path = "Reduce AnxietyUITests.xctest"; sourceTree = BUILT_PRODUCTS_DIR; };
/* End PBXFileReference section */

/* Begin PBXFileSystemSynchronizedBuildFileExceptionSet section */
		18117AFA2E3D65A900497DC5 /* Exceptions for "Reduce Anxiety" folder in "Reduce Anxiety" target */ = {
			isa = PBXFileSystemSynchronizedBuildFileExceptionSet;
			membershipExceptions = (
				AppProgressModel.swift,
			);
			target = 1872B9CA2D935190004DE16F /* Reduce Anxiety */;
		};
/* End PBXFileSystemSynchronizedBuildFileExceptionSet section */

/* Begin PBXFileSystemSynchronizedGroupBuildPhaseMembershipExceptionSet section */
		18117AFB2E3D65A900497DC5 /* Exceptions for "Reduce Anxiety" folder in "Copy Bundle Resources" phase from "Reduce Anxiety" target */ = {
			isa = PBXFileSystemSynchronizedGroupBuildPhaseMembershipExceptionSet;
			buildPhase = 1872B9C92D935190004DE16F /* Resources */;
			membershipExceptions = (
				AppProgressModel.swift,
			);
		};
/* End PBXFileSystemSynchronizedGroupBuildPhaseMembershipExceptionSet section */

/* Begin PBXFileSystemSynchronizedRootGroup section */
		1872B9CD2D935190004DE16F /* Reduce Anxiety */ = {
			isa = PBXFileSystemSynchronizedRootGroup;
			exceptions = (
				18117AFA2E3D65A900497DC5 /* Exceptions for "Reduce Anxiety" folder in "Reduce Anxiety" target */,
				18117AFB2E3D65A900497DC5 /* Exceptions for "Reduce Anxiety" folder in "Copy Bundle Resources" phase from "Reduce Anxiety" target */,
			);
			path = "Reduce Anxiety";
			sourceTree = "<group>";
		};
		1872B9DE2D935193004DE16F /* Reduce AnxietyTests */ = {
			isa = PBXFileSystemSynchronizedRootGroup;
			path = "Reduce AnxietyTests";
			sourceTree = "<group>";
		};
		1872B9E82D935193004DE16F /* Reduce AnxietyUITests */ = {
			isa = PBXFileSystemSynchronizedRootGroup;
			path = "Reduce AnxietyUITests";
			sourceTree = "<group>";
		};
/* End PBXFileSystemSynchronizedRootGroup section */

/* Begin PBXFrameworksBuildPhase section */
		1872B9C82D935190004DE16F /* Frameworks */ = {
			isa = PBXFrameworksBuildPhase;
			buildActionMask = 2147483647;
			files = (
				1867BDA02E6B8820001DF909 /* AppNotePad in Frameworks */,
				18F797932DF08BD800229907 /* AppLoginFlow in Frameworks */,
				18F797952DF08BD800229907 /* AppMainScreen in Frameworks */,
				18F7979C2DF09A2F00229907 /* AppOnboarding in Frameworks */,
				18F797912DF08BD800229907 /* AppChatView in Frameworks */,
				1867BDA42E6B8820001DF909 /* AppProgressModel in Frameworks */,
				1867BD9A2E6B8820001DF909 /* AppLoginFlow in Frameworks */,
				1867BD9C2E6B8820001DF909 /* AppMainScreen in Frameworks */,
				18E41DDB2E46836D00F0404C /* AppNotePad in Frameworks */,
				1867BD9E2E6B8820001DF909 /* AppMeditationAttention in Frameworks */,
				1867BD982E6B8820001DF909 /* AppChatView in Frameworks */,
				1867BDA22E6B8820001DF909 /* AppOnboarding in Frameworks */,
				18E41DD92E45F6B700F0404C /* AppProgressModel in Frameworks */,
				1867BDA62E6B8820001DF909 /* AppPsychologistChat in Frameworks */,
				18E41DEA2E468F0300F0404C /* AppMeditationAttention in Frameworks */,
			);
			runOnlyForDeploymentPostprocessing = 0;
		};
		1872B9D82D935193004DE16F /* Frameworks */ = {
			isa = PBXFrameworksBuildPhase;
			buildActionMask = 2147483647;
			files = (
			);
			runOnlyForDeploymentPostprocessing = 0;
		};
		1872B9E22D935193004DE16F /* Frameworks */ = {
			isa = PBXFrameworksBuildPhase;
			buildActionMask = 2147483647;
			files = (
			);
			runOnlyForDeploymentPostprocessing = 0;
		};
/* End PBXFrameworksBuildPhase section */

/* Begin PBXGroup section */
		1872B9C22D935190004DE16F = {
			isa = PBXGroup;
			children = (
				1872B9CD2D935190004DE16F /* Reduce Anxiety */,
				1872B9DE2D935193004DE16F /* Reduce AnxietyTests */,
				1872B9E82D935193004DE16F /* Reduce AnxietyUITests */,
				18E41DD32E45ED3F00F0404C /* Frameworks */,
				1872B9CC2D935190004DE16F /* Products */,
			);
			sourceTree = "<group>";
		};
		1872B9CC2D935190004DE16F /* Products */ = {
			isa = PBXGroup;
			children = (
				1872B9CB2D935190004DE16F /* Reduce Anxiety.app */,
				1872B9DB2D935193004DE16F /* Reduce AnxietyTests.xctest */,
				1872B9E52D935193004DE16F /* Reduce AnxietyUITests.xctest */,
			);
			name = Products;
			sourceTree = "<group>";
		};
		18E41DD32E45ED3F00F0404C /* Frameworks */ = {
			isa = PBXGroup;
			children = (
			);
			name = Frameworks;
			sourceTree = "<group>";
		};
/* End PBXGroup section */

/* Begin PBXNativeTarget section */
		1872B9CA2D935190004DE16F /* Reduce Anxiety */ = {
			isa = PBXNativeTarget;
			buildConfigurationList = 1872B9EF2D935193004DE16F /* Build configuration list for PBXNativeTarget "Reduce Anxiety" */;
			buildPhases = (
				1872B9C72D935190004DE16F /* Sources */,
				1872B9C82D935190004DE16F /* Frameworks */,
				1872B9C92D935190004DE16F /* Resources */,
			);
			buildRules = (
			);
			dependencies = (
			);
			fileSystemSynchronizedGroups = (
				1872B9CD2D935190004DE16F /* Reduce Anxiety */,
			);
			name = "Reduce Anxiety";
			packageProductDependencies = (
				18F797902DF08BD800229907 /* AppChatView */,
				18F797922DF08BD800229907 /* AppLoginFlow */,
				18F797942DF08BD800229907 /* AppMainScreen */,
				18F7979B2DF09A2F00229907 /* AppOnboarding */,
				18E41DD82E45F6B700F0404C /* AppProgressModel */,
				18E41DDA2E46836D00F0404C /* AppNotePad */,
				18E41DE92E468F0300F0404C /* AppMeditationAttention */,
				1867BD972E6B8820001DF909 /* AppChatView */,
				1867BD992E6B8820001DF909 /* AppLoginFlow */,
				1867BD9B2E6B8820001DF909 /* AppMainScreen */,
				1867BD9D2E6B8820001DF909 /* AppMeditationAttention */,
				1867BD9F2E6B8820001DF909 /* AppNotePad */,
				1867BDA12E6B8820001DF909 /* AppOnboarding */,
				1867BDA32E6B8820001DF909 /* AppProgressModel */,
				1867BDA52E6B8820001DF909 /* AppPsychologistChat */,
			);
			productName = "Reduce Anxiety";
			productReference = 1872B9CB2D935190004DE16F /* Reduce Anxiety.app */;
			productType = "com.apple.product-type.application";
		};
		1872B9DA2D935193004DE16F /* Reduce AnxietyTests */ = {
			isa = PBXNativeTarget;
			buildConfigurationList = 1872B9F22D935193004DE16F /* Build configuration list for PBXNativeTarget "Reduce AnxietyTests" */;
			buildPhases = (
				1872B9D72D935193004DE16F /* Sources */,
				1872B9D82D935193004DE16F /* Frameworks */,
				1872B9D92D935193004DE16F /* Resources */,
			);
			buildRules = (
			);
			dependencies = (
				1872B9DD2D935193004DE16F /* PBXTargetDependency */,
			);
			fileSystemSynchronizedGroups = (
				1872B9DE2D935193004DE16F /* Reduce AnxietyTests */,
			);
			name = "Reduce AnxietyTests";
			packageProductDependencies = (
			);
			productName = "Reduce AnxietyTests";
			productReference = 1872B9DB2D935193004DE16F /* Reduce AnxietyTests.xctest */;
			productType = "com.apple.product-type.bundle.unit-test";
		};
		1872B9E42D935193004DE16F /* Reduce AnxietyUITests */ = {
			isa = PBXNativeTarget;
			buildConfigurationList = 1872B9F52D935193004DE16F /* Build configuration list for PBXNativeTarget "Reduce AnxietyUITests" */;
			buildPhases = (
				1872B9E12D935193004DE16F /* Sources */,
				1872B9E22D935193004DE16F /* Frameworks */,
				1872B9E32D935193004DE16F /* Resources */,
			);
			buildRules = (
			);
			dependencies = (
				1872B9E72D935193004DE16F /* PBXTargetDependency */,
			);
			fileSystemSynchronizedGroups = (
				1872B9E82D935193004DE16F /* Reduce AnxietyUITests */,
			);
			name = "Reduce AnxietyUITests";
			packageProductDependencies = (
			);
			productName = "Reduce AnxietyUITests";
			productReference = 1872B9E52D935193004DE16F /* Reduce AnxietyUITests.xctest */;
			productType = "com.apple.product-type.bundle.ui-testing";
		};
/* End PBXNativeTarget section */

/* Begin PBXProject section */
		1872B9C32D935190004DE16F /* Project object */ = {
			isa = PBXProject;
			attributes = {
				BuildIndependentTargetsInParallel = 1;
				LastSwiftUpdateCheck = 1620;
				LastUpgradeCheck = 1620;
				TargetAttributes = {
					1872B9CA2D935190004DE16F = {
						CreatedOnToolsVersion = 16.2;
					};
					1872B9DA2D935193004DE16F = {
						CreatedOnToolsVersion = 16.2;
						TestTargetID = 1872B9CA2D935190004DE16F;
					};
					1872B9E42D935193004DE16F = {
						CreatedOnToolsVersion = 16.2;
						TestTargetID = 1872B9CA2D935190004DE16F;
					};
				};
			};
			buildConfigurationList = 1872B9C62D935190004DE16F /* Build configuration list for PBXProject "Reduce Anxiety" */;
			developmentRegion = en;
			hasScannedForEncodings = 0;
			knownRegions = (
				en,
				Base,
			);
			mainGroup = 1872B9C22D935190004DE16F;
			minimizedProjectReferenceProxies = 1;
			packageReferences = (
				1867BD962E6B8820001DF909 /* XCLocalSwiftPackageReference "../Reduce-Anxiety" */,
			);
			preferredProjectObjectVersion = 77;
			productRefGroup = 1872B9CC2D935190004DE16F /* Products */;
			projectDirPath = "";
			projectRoot = "";
			targets = (
				1872B9CA2D935190004DE16F /* Reduce Anxiety */,
				1872B9DA2D935193004DE16F /* Reduce AnxietyTests */,
				1872B9E42D935193004DE16F /* Reduce AnxietyUITests */,
			);
		};
/* End PBXProject section */

/* Begin PBXResourcesBuildPhase section */
		1872B9C92D935190004DE16F /* Resources */ = {
			isa = PBXResourcesBuildPhase;
			buildActionMask = 2147483647;
			files = (
			);
			runOnlyForDeploymentPostprocessing = 0;
		};
		1872B9D92D935193004DE16F /* Resources */ = {
			isa = PBXResourcesBuildPhase;
			buildActionMask = 2147483647;
			files = (
			);
			runOnlyForDeploymentPostprocessing = 0;
		};
		1872B9E32D935193004DE16F /* Resources */ = {
			isa = PBXResourcesBuildPhase;
			buildActionMask = 2147483647;
			files = (
			);
			runOnlyForDeploymentPostprocessing = 0;
		};
/* End PBXResourcesBuildPhase section */

/* Begin PBXSourcesBuildPhase section */
		1872B9C72D935190004DE16F /* Sources */ = {
			isa = PBXSourcesBuildPhase;
			buildActionMask = 2147483647;
			files = (
			);
			runOnlyForDeploymentPostprocessing = 0;
		};
		1872B9D72D935193004DE16F /* Sources */ = {
			isa = PBXSourcesBuildPhase;
			buildActionMask = 2147483647;
			files = (
			);
			runOnlyForDeploymentPostprocessing = 0;
		};
		1872B9E12D935193004DE16F /* Sources */ = {
			isa = PBXSourcesBuildPhase;
			buildActionMask = 2147483647;
			files = (
			);
			runOnlyForDeploymentPostprocessing = 0;
		};
/* End PBXSourcesBuildPhase section */

/* Begin PBXTargetDependency section */
		1872B9DD2D935193004DE16F /* PBXTargetDependency */ = {
			isa = PBXTargetDependency;
			target = 1872B9CA2D935190004DE16F /* Reduce Anxiety */;
			targetProxy = 1872B9DC2D935193004DE16F /* PBXContainerItemProxy */;
		};
		1872B9E72D935193004DE16F /* PBXTargetDependency */ = {
			isa = PBXTargetDependency;
			target = 1872B9CA2D935190004DE16F /* Reduce Anxiety */;
			targetProxy = 1872B9E62D935193004DE16F /* PBXContainerItemProxy */;
		};
/* End PBXTargetDependency section */

/* Begin XCBuildConfiguration section */
		1872B9ED2D935193004DE16F /* Debug */ = {
			isa = XCBuildConfiguration;
			buildSettings = {
				ALWAYS_SEARCH_USER_PATHS = NO;
				ASSETCATALOG_COMPILER_GENERATE_SWIFT_ASSET_SYMBOL_EXTENSIONS = YES;
				CLANG_ANALYZER_NONNULL = YES;
				CLANG_ANALYZER_NUMBER_OBJECT_CONVERSION = YES_AGGRESSIVE;
				CLANG_CXX_LANGUAGE_STANDARD = "gnu++20";
				CLANG_ENABLE_MODULES = YES;
				CLANG_ENABLE_OBJC_ARC = YES;
				CLANG_ENABLE_OBJC_WEAK = YES;
				CLANG_WARN_BLOCK_CAPTURE_AUTORELEASING = YES;
				CLANG_WARN_BOOL_CONVERSION = YES;
				CLANG_WARN_COMMA = YES;
				CLANG_WARN_CONSTANT_CONVERSION = YES;
				CLANG_WARN_DEPRECATED_OBJC_IMPLEMENTATIONS = YES;
				CLANG_WARN_DIRECT_OBJC_ISA_USAGE = YES_ERROR;
				CLANG_WARN_DOCUMENTATION_COMMENTS = YES;
				CLANG_WARN_EMPTY_BODY = YES;
				CLANG_WARN_ENUM_CONVERSION = YES;
				CLANG_WARN_INFINITE_RECURSION = YES;
				CLANG_WARN_INT_CONVERSION = YES;
				CLANG_WARN_NON_LITERAL_NULL_CONVERSION = YES;
				CLANG_WARN_OBJC_IMPLICIT_RETAIN_SELF = YES;
				CLANG_WARN_OBJC_LITERAL_CONVERSION = YES;
				CLANG_WARN_OBJC_ROOT_CLASS = YES_ERROR;
				CLANG_WARN_QUOTED_INCLUDE_IN_FRAMEWORK_HEADER = YES;
				CLANG_WARN_RANGE_LOOP_ANALYSIS = YES;
				CLANG_WARN_STRICT_PROTOTYPES = YES;
				CLANG_WARN_SUSPICIOUS_MOVE = YES;
				CLANG_WARN_UNGUARDED_AVAILABILITY = YES_AGGRESSIVE;
				CLANG_WARN_UNREACHABLE_CODE = YES;
				CLANG_WARN__DUPLICATE_METHOD_MATCH = YES;
				COPY_PHASE_STRIP = NO;
				DEBUG_INFORMATION_FORMAT = dwarf;
				ENABLE_STRICT_OBJC_MSGSEND = YES;
				ENABLE_TESTABILITY = YES;
				ENABLE_USER_SCRIPT_SANDBOXING = YES;
				GCC_C_LANGUAGE_STANDARD = gnu17;
				GCC_DYNAMIC_NO_PIC = NO;
				GCC_NO_COMMON_BLOCKS = YES;
				GCC_OPTIMIZATION_LEVEL = 0;
				GCC_PREPROCESSOR_DEFINITIONS = (
					"DEBUG=1",
					"$(inherited)",
				);
				GCC_WARN_64_TO_32_BIT_CONVERSION = YES;
				GCC_WARN_ABOUT_RETURN_TYPE = YES_ERROR;
				GCC_WARN_UNDECLARED_SELECTOR = YES;
				GCC_WARN_UNINITIALIZED_AUTOS = YES_AGGRESSIVE;
				GCC_WARN_UNUSED_FUNCTION = YES;
				GCC_WARN_UNUSED_VARIABLE = YES;
				IPHONEOS_DEPLOYMENT_TARGET = 18.2;
				LOCALIZATION_PREFERS_STRING_CATALOGS = YES;
				MTL_ENABLE_DEBUG_INFO = INCLUDE_SOURCE;
				MTL_FAST_MATH = YES;
				ONLY_ACTIVE_ARCH = YES;
				SDKROOT = iphoneos;
				SWIFT_ACTIVE_COMPILATION_CONDITIONS = "DEBUG $(inherited)";
				SWIFT_OPTIMIZATION_LEVEL = "-Onone";
			};
			name = Debug;
		};
		1872B9EE2D935193004DE16F /* Release */ = {
			isa = XCBuildConfiguration;
			buildSettings = {
				ALWAYS_SEARCH_USER_PATHS = NO;
				ASSETCATALOG_COMPILER_GENERATE_SWIFT_ASSET_SYMBOL_EXTENSIONS = YES;
				CLANG_ANALYZER_NONNULL = YES;
				CLANG_ANALYZER_NUMBER_OBJECT_CONVERSION = YES_AGGRESSIVE;
				CLANG_CXX_LANGUAGE_STANDARD = "gnu++20";
				CLANG_ENABLE_MODULES = YES;
				CLANG_ENABLE_OBJC_ARC = YES;
				CLANG_ENABLE_OBJC_WEAK = YES;
				CLANG_WARN_BLOCK_CAPTURE_AUTORELEASING = YES;
				CLANG_WARN_BOOL_CONVERSION = YES;
				CLANG_WARN_COMMA = YES;
				CLANG_WARN_CONSTANT_CONVERSION = YES;
				CLANG_WARN_DEPRECATED_OBJC_IMPLEMENTATIONS = YES;
				CLANG_WARN_DIRECT_OBJC_ISA_USAGE = YES_ERROR;
				CLANG_WARN_DOCUMENTATION_COMMENTS = YES;
				CLANG_WARN_EMPTY_BODY = YES;
				CLANG_WARN_ENUM_CONVERSION = YES;
				CLANG_WARN_INFINITE_RECURSION = YES;
				CLANG_WARN_INT_CONVERSION = YES;
				CLANG_WARN_NON_LITERAL_NULL_CONVERSION = YES;
				CLANG_WARN_OBJC_IMPLICIT_RETAIN_SELF = YES;
				CLANG_WARN_OBJC_LITERAL_CONVERSION = YES;
				CLANG_WARN_OBJC_ROOT_CLASS = YES_ERROR;
				CLANG_WARN_QUOTED_INCLUDE_IN_FRAMEWORK_HEADER = YES;
				CLANG_WARN_RANGE_LOOP_ANALYSIS = YES;
				CLANG_WARN_STRICT_PROTOTYPES = YES;
				CLANG_WARN_SUSPICIOUS_MOVE = YES;
				CLANG_WARN_UNGUARDED_AVAILABILITY = YES_AGGRESSIVE;
				CLANG_WARN_UNREACHABLE_CODE = YES;
				CLANG_WARN__DUPLICATE_METHOD_MATCH = YES;
				COPY_PHASE_STRIP = NO;
				DEBUG_INFORMATION_FORMAT = "dwarf-with-dsym";
				ENABLE_NS_ASSERTIONS = NO;
				ENABLE_STRICT_OBJC_MSGSEND = YES;
				ENABLE_USER_SCRIPT_SANDBOXING = YES;
				GCC_C_LANGUAGE_STANDARD = gnu17;
				GCC_NO_COMMON_BLOCKS = YES;
				GCC_WARN_64_TO_32_BIT_CONVERSION = YES;
				GCC_WARN_ABOUT_RETURN_TYPE = YES_ERROR;
				GCC_WARN_UNDECLARED_SELECTOR = YES;
				GCC_WARN_UNINITIALIZED_AUTOS = YES_AGGRESSIVE;
				GCC_WARN_UNUSED_FUNCTION = YES;
				GCC_WARN_UNUSED_VARIABLE = YES;
				IPHONEOS_DEPLOYMENT_TARGET = 18.2;
				LOCALIZATION_PREFERS_STRING_CATALOGS = YES;
				MTL_ENABLE_DEBUG_INFO = NO;
				MTL_FAST_MATH = YES;
				SDKROOT = iphoneos;
				SWIFT_COMPILATION_MODE = wholemodule;
				VALIDATE_PRODUCT = YES;
			};
			name = Release;
		};
		1872B9F02D935193004DE16F /* Debug */ = {
			isa = XCBuildConfiguration;
			buildSettings = {
				ASSETCATALOG_COMPILER_APPICON_NAME = AppIcon;
				ASSETCATALOG_COMPILER_GLOBAL_ACCENT_COLOR_NAME = AccentColor;
				CODE_SIGN_STYLE = Automatic;
				CURRENT_PROJECT_VERSION = 1;
				DEVELOPMENT_ASSET_PATHS = "\"Reduce Anxiety/Preview Content\"";
				DEVELOPMENT_TEAM = LM638M83RL;
				ENABLE_PREVIEWS = YES;
				GENERATE_INFOPLIST_FILE = YES;
				INFOPLIST_KEY_UIApplicationSceneManifest_Generation = YES;
				INFOPLIST_KEY_UIApplicationSupportsIndirectInputEvents = YES;
				INFOPLIST_KEY_UILaunchScreen_Generation = YES;
				INFOPLIST_KEY_UISupportedInterfaceOrientations_iPad = "UIInterfaceOrientationPortrait UIInterfaceOrientationPortraitUpsideDown UIInterfaceOrientationLandscapeLeft UIInterfaceOrientationLandscapeRight";
				INFOPLIST_KEY_UISupportedInterfaceOrientations_iPhone = "UIInterfaceOrientationPortrait UIInterfaceOrientationLandscapeLeft UIInterfaceOrientationLandscapeRight";
				LD_RUNPATH_SEARCH_PATHS = (
					"$(inherited)",
					"@executable_path/Frameworks",
				);
				MARKETING_VERSION = 1.0;
				PRODUCT_BUNDLE_IDENTIFIER = "Self.Reduce-Anxiety";
				PRODUCT_NAME = "$(TARGET_NAME)";
				SWIFT_EMIT_LOC_STRINGS = YES;
				SWIFT_VERSION = 5.0;
				TARGETED_DEVICE_FAMILY = "1,2";
			};
			name = Debug;
		};
		1872B9F12D935193004DE16F /* Release */ = {
			isa = XCBuildConfiguration;
			buildSettings = {
				ASSETCATALOG_COMPILER_APPICON_NAME = AppIcon;
				ASSETCATALOG_COMPILER_GLOBAL_ACCENT_COLOR_NAME = AccentColor;
				CODE_SIGN_STYLE = Automatic;
				CURRENT_PROJECT_VERSION = 1;
				DEVELOPMENT_ASSET_PATHS = "\"Reduce Anxiety/Preview Content\"";
				DEVELOPMENT_TEAM = LM638M83RL;
				ENABLE_PREVIEWS = YES;
				GENERATE_INFOPLIST_FILE = YES;
				INFOPLIST_KEY_UIApplicationSceneManifest_Generation = YES;
				INFOPLIST_KEY_UIApplicationSupportsIndirectInputEvents = YES;
				INFOPLIST_KEY_UILaunchScreen_Generation = YES;
				INFOPLIST_KEY_UISupportedInterfaceOrientations_iPad = "UIInterfaceOrientationPortrait UIInterfaceOrientationPortraitUpsideDown UIInterfaceOrientationLandscapeLeft UIInterfaceOrientationLandscapeRight";
				INFOPLIST_KEY_UISupportedInterfaceOrientations_iPhone = "UIInterfaceOrientationPortrait UIInterfaceOrientationLandscapeLeft UIInterfaceOrientationLandscapeRight";
				LD_RUNPATH_SEARCH_PATHS = (
					"$(inherited)",
					"@executable_path/Frameworks",
				);
				MARKETING_VERSION = 1.0;
				PRODUCT_BUNDLE_IDENTIFIER = "Self.Reduce-Anxiety";
				PRODUCT_NAME = "$(TARGET_NAME)";
				SWIFT_EMIT_LOC_STRINGS = YES;
				SWIFT_VERSION = 5.0;
				TARGETED_DEVICE_FAMILY = "1,2";
			};
			name = Release;
		};
		1872B9F32D935193004DE16F /* Debug */ = {
			isa = XCBuildConfiguration;
			buildSettings = {
				BUNDLE_LOADER = "$(TEST_HOST)";
				CODE_SIGN_STYLE = Automatic;
				CURRENT_PROJECT_VERSION = 1;
				DEVELOPMENT_TEAM = LM638M83RL;
				GENERATE_INFOPLIST_FILE = YES;
				IPHONEOS_DEPLOYMENT_TARGET = 18.2;
				MARKETING_VERSION = 1.0;
				PRODUCT_BUNDLE_IDENTIFIER = "Self.Reduce-AnxietyTests";
				PRODUCT_NAME = "$(TARGET_NAME)";
				SWIFT_EMIT_LOC_STRINGS = NO;
				SWIFT_VERSION = 5.0;
				TARGETED_DEVICE_FAMILY = "1,2";
				TEST_HOST = "$(BUILT_PRODUCTS_DIR)/Reduce Anxiety.app/$(BUNDLE_EXECUTABLE_FOLDER_PATH)/Reduce Anxiety";
			};
			name = Debug;
		};
		1872B9F42D935193004DE16F /* Release */ = {
			isa = XCBuildConfiguration;
			buildSettings = {
				BUNDLE_LOADER = "$(TEST_HOST)";
				CODE_SIGN_STYLE = Automatic;
				CURRENT_PROJECT_VERSION = 1;
				DEVELOPMENT_TEAM = LM638M83RL;
				GENERATE_INFOPLIST_FILE = YES;
				IPHONEOS_DEPLOYMENT_TARGET = 18.2;
				MARKETING_VERSION = 1.0;
				PRODUCT_BUNDLE_IDENTIFIER = "Self.Reduce-AnxietyTests";
				PRODUCT_NAME = "$(TARGET_NAME)";
				SWIFT_EMIT_LOC_STRINGS = NO;
				SWIFT_VERSION = 5.0;
				TARGETED_DEVICE_FAMILY = "1,2";
				TEST_HOST = "$(BUILT_PRODUCTS_DIR)/Reduce Anxiety.app/$(BUNDLE_EXECUTABLE_FOLDER_PATH)/Reduce Anxiety";
			};
			name = Release;
		};
		1872B9F62D935193004DE16F /* Debug */ = {
			isa = XCBuildConfiguration;
			buildSettings = {
				CODE_SIGN_STYLE = Automatic;
				CURRENT_PROJECT_VERSION = 1;
				DEVELOPMENT_TEAM = LM638M83RL;
				GENERATE_INFOPLIST_FILE = YES;
				MARKETING_VERSION = 1.0;
				PRODUCT_BUNDLE_IDENTIFIER = "Self.Reduce-AnxietyUITests";
				PRODUCT_NAME = "$(TARGET_NAME)";
				SWIFT_EMIT_LOC_STRINGS = NO;
				SWIFT_VERSION = 5.0;
				TARGETED_DEVICE_FAMILY = "1,2";
				TEST_TARGET_NAME = "Reduce Anxiety";
			};
			name = Debug;
		};
		1872B9F72D935193004DE16F /* Release */ = {
			isa = XCBuildConfiguration;
			buildSettings = {
				CODE_SIGN_STYLE = Automatic;
				CURRENT_PROJECT_VERSION = 1;
				DEVELOPMENT_TEAM = LM638M83RL;
				GENERATE_INFOPLIST_FILE = YES;
				MARKETING_VERSION = 1.0;
				PRODUCT_BUNDLE_IDENTIFIER = "Self.Reduce-AnxietyUITests";
				PRODUCT_NAME = "$(TARGET_NAME)";
				SWIFT_EMIT_LOC_STRINGS = NO;
				SWIFT_VERSION = 5.0;
				TARGETED_DEVICE_FAMILY = "1,2";
				TEST_TARGET_NAME = "Reduce Anxiety";
			};
			name = Release;
		};
/* End XCBuildConfiguration section */

/* Begin XCConfigurationList section */
		1872B9C62D935190004DE16F /* Build configuration list for PBXProject "Reduce Anxiety" */ = {
			isa = XCConfigurationList;
			buildConfigurations = (
				1872B9ED2D935193004DE16F /* Debug */,
				1872B9EE2D935193004DE16F /* Release */,
			);
			defaultConfigurationIsVisible = 0;
			defaultConfigurationName = Release;
		};
		1872B9EF2D935193004DE16F /* Build configuration list for PBXNativeTarget "Reduce Anxiety" */ = {
			isa = XCConfigurationList;
			buildConfigurations = (
				1872B9F02D935193004DE16F /* Debug */,
				1872B9F12D935193004DE16F /* Release */,
			);
			defaultConfigurationIsVisible = 0;
			defaultConfigurationName = Release;
		};
		1872B9F22D935193004DE16F /* Build configuration list for PBXNativeTarget "Reduce AnxietyTests" */ = {
			isa = XCConfigurationList;
			buildConfigurations = (
				1872B9F32D935193004DE16F /* Debug */,
				1872B9F42D935193004DE16F /* Release */,
			);
			defaultConfigurationIsVisible = 0;
			defaultConfigurationName = Release;
		};
		1872B9F52D935193004DE16F /* Build configuration list for PBXNativeTarget "Reduce AnxietyUITests" */ = {
			isa = XCConfigurationList;
			buildConfigurations = (
				1872B9F62D935193004DE16F /* Debug */,
				1872B9F72D935193004DE16F /* Release */,
			);
			defaultConfigurationIsVisible = 0;
			defaultConfigurationName = Release;
		};
/* End XCConfigurationList section */

/* Begin XCLocalSwiftPackageReference section */
		1867BD962E6B8820001DF909 /* XCLocalSwiftPackageReference "../Reduce-Anxiety" */ = {
			isa = XCLocalSwiftPackageReference;
			relativePath = "../Reduce-Anxiety";
		};
/* End XCLocalSwiftPackageReference section */

/* Begin XCSwiftPackageProductDependency section */
		1867BD972E6B8820001DF909 /* AppChatView */ = {
			isa = XCSwiftPackageProductDependency;
			productName = AppChatView;
		};
		1867BD992E6B8820001DF909 /* AppLoginFlow */ = {
			isa = XCSwiftPackageProductDependency;
			productName = AppLoginFlow;
		};
		1867BD9B2E6B8820001DF909 /* AppMainScreen */ = {
			isa = XCSwiftPackageProductDependency;
			productName = AppMainScreen;
		};
		1867BD9D2E6B8820001DF909 /* AppMeditationAttention */ = {
			isa = XCSwiftPackageProductDependency;
			productName = AppMeditationAttention;
		};
		1867BD9F2E6B8820001DF909 /* AppNotePad */ = {
			isa = XCSwiftPackageProductDependency;
			productName = AppNotePad;
		};
		1867BDA12E6B8820001DF909 /* AppOnboarding */ = {
			isa = XCSwiftPackageProductDependency;
			productName = AppOnboarding;
		};
		1867BDA32E6B8820001DF909 /* AppProgressModel */ = {
			isa = XCSwiftPackageProductDependency;
			productName = AppProgressModel;
		};
		1867BDA52E6B8820001DF909 /* AppPsychologistChat */ = {
			isa = XCSwiftPackageProductDependency;
			productName = AppPsychologistChat;
		};
		18E41DD82E45F6B700F0404C /* AppProgressModel */ = {
			isa = XCSwiftPackageProductDependency;
			productName = AppProgressModel;
		};
		18E41DDA2E46836D00F0404C /* AppNotePad */ = {
			isa = XCSwiftPackageProductDependency;
			productName = AppNotePad;
		};
		18E41DE92E468F0300F0404C /* AppMeditationAttention */ = {
			isa = XCSwiftPackageProductDependency;
			productName = AppMeditationAttention;
		};
		18F797902DF08BD800229907 /* AppChatView */ = {
			isa = XCSwiftPackageProductDependency;
			productName = AppChatView;
		};
		18F797922DF08BD800229907 /* AppLoginFlow */ = {
			isa = XCSwiftPackageProductDependency;
			productName = AppLoginFlow;
		};
		18F797942DF08BD800229907 /* AppMainScreen */ = {
			isa = XCSwiftPackageProductDependency;
			productName = AppMainScreen;
		};
		18F7979B2DF09A2F00229907 /* AppOnboarding */ = {
			isa = XCSwiftPackageProductDependency;
			productName = AppOnboarding;
		};
/* End XCSwiftPackageProductDependency section */
	};
	rootObject = 1872B9C32D935190004DE16F /* Project object */;
}
